Microsoft Visual Studio Solution File, Format Version 12.00
# Visual Studio Version 17
VisualStudioVersion = 17.5.2.0
MinimumVisualStudioVersion = 10.0.40219.1
Project("{FAE04EC0-301F-11D3-BF4B-00C04F79EFBC}") = "Atc.Analyzer", "Atc.Analyzer.csproj", "{A6AE4418-C740-D332-B6E6-093A872AC736}"
EndProject
Global
	GlobalSection(SolutionConfigurationPlatforms) = preSolution
		Debug|Any CPU = Debug|Any CPU
		Release|Any CPU = Release|Any CPU
	EndGlobalSection
	GlobalSection(ProjectConfigurationPlatforms) = postSolution
		{A6AE4418-C740-D332-B6E6-093A872AC736}.Debug|Any CPU.ActiveCfg = Debug|Any CPU
		{A6AE4418-C740-D332-B6E6-093A872AC736}.Debug|Any CPU.Build.0 = Debug|Any CPU
		{A6AE4418-C740-D332-B6E6-093A872AC736}.Release|Any CPU.ActiveCfg = Release|Any CPU
		{A6AE4418-C740-D332-B6E6-093A872AC736}.Release|Any CPU.Build.0 = Release|Any CPU
	EndGlobalSection
	GlobalSection(SolutionProperties) = preSolution
		HideSolutionNode = FALSE
	EndGlobalSection
	GlobalSection(ExtensibilityGlobals) = postSolution
		SolutionGuid = {77F2935A-8249-4C61-8097-8256C85468C2}
	EndGlobalSection
EndGlobal
